
Microsoft Visual Studio Solution File, Format Version 12.00
# Visual Studio Version 17
VisualStudioVersion = 17.10.35027.167
MinimumVisualStudioVersion = 10.0.40219.1
Project("{FAE04EC0-301F-11D3-BF4B-00C04F79EFBC}") = "Respaldos Automatizados", "Respaldos Automatizados\Respaldos Automatizados.csproj", "{733160CE-8357-4C73-8329-CAB8D1687711}"
EndProject
Global
	GlobalSection(SolutionConfigurationPlatforms) = preSolution
		Debug|Any CPU = Debug|Any CPU
		Release|Any CPU = Release|Any CPU
	EndGlobalSection
	GlobalSection(ProjectConfigurationPlatforms) = postSolution
		{733160CE-8357-4C73-8329-CAB8D1687711}.Debug|Any CPU.ActiveCfg = Debug|Any CPU
		{733160CE-8357-4C73-8329-CAB8D1687711}.Debug|Any CPU.Build.0 = Debug|Any CPU
		{733160CE-8357-4C73-8329-CAB8D1687711}.Release|Any CPU.ActiveCfg = Release|Any CPU
		{733160CE-8357-4C73-8329-CAB8D1687711}.Release|Any CPU.Build.0 = Release|Any CPU
	EndGlobalSection
	GlobalSection(SolutionProperties) = preSolution
		HideSolutionNode = FALSE
	EndGlobalSection
	GlobalSection(ExtensibilityGlobals) = postSolution
		SolutionGuid = {A8F84446-4215-41E8-BE4B-24FF91449795}
	EndGlobalSection
EndGlobal
